
Microsoft Visual Studio Solution File, Format Version 12.00
# Visual Studio Version 16
VisualStudioVersion = 16.0.31402.337
MinimumVisualStudioVersion = 10.0.40219.1
Project("{FAE04EC0-301F-11D3-BF4B-00C04F79EFBC}") = "TQL-TestingMathLibrary", "TQL-TestingMathLibrary\TQL-TestingMathLibrary.csproj", "{5D797D32-F188-4E20-94BB-2491D360A84E}"
EndProject
Project("{FAE04EC0-301F-11D3-BF4B-00C04F79EFBC}") = "ConsoleMathLibrary", "ConsoleMathLibrary\ConsoleMathLibrary.csproj", "{201B3FEF-C8EB-44CB-9796-48ED3CE4F23B}"
EndProject
Project("{FAE04EC0-301F-11D3-BF4B-00C04F79EFBC}") = "TestMathLib", "TestMathLib\TestMathLib.csproj", "{34321589-9B1B-4395-85BD-792ED1698E09}"
EndProject
Global
	GlobalSection(SolutionConfigurationPlatforms) = preSolution
		Debug|Any CPU = Debug|Any CPU
		Release|Any CPU = Release|Any CPU
	EndGlobalSection
	GlobalSection(ProjectConfigurationPlatforms) = postSolution
		{5D797D32-F188-4E20-94BB-2491D360A84E}.Debug|Any CPU.ActiveCfg = Debug|Any CPU
		{5D797D32-F188-4E20-94BB-2491D360A84E}.Debug|Any CPU.Build.0 = Debug|Any CPU
		{5D797D32-F188-4E20-94BB-2491D360A84E}.Release|Any CPU.ActiveCfg = Release|Any CPU
		{5D797D32-F188-4E20-94BB-2491D360A84E}.Release|Any CPU.Build.0 = Release|Any CPU
		{201B3FEF-C8EB-44CB-9796-48ED3CE4F23B}.Debug|Any CPU.ActiveCfg = Debug|Any CPU
		{201B3FEF-C8EB-44CB-9796-48ED3CE4F23B}.Debug|Any CPU.Build.0 = Debug|Any CPU
		{201B3FEF-C8EB-44CB-9796-48ED3CE4F23B}.Release|Any CPU.ActiveCfg = Release|Any CPU
		{201B3FEF-C8EB-44CB-9796-48ED3CE4F23B}.Release|Any CPU.Build.0 = Release|Any CPU
		{34321589-9B1B-4395-85BD-792ED1698E09}.Debug|Any CPU.ActiveCfg = Debug|Any CPU
		{34321589-9B1B-4395-85BD-792ED1698E09}.Debug|Any CPU.Build.0 = Debug|Any CPU
		{34321589-9B1B-4395-85BD-792ED1698E09}.Release|Any CPU.ActiveCfg = Release|Any CPU
		{34321589-9B1B-4395-85BD-792ED1698E09}.Release|Any CPU.Build.0 = Release|Any CPU
	EndGlobalSection
	GlobalSection(SolutionProperties) = preSolution
		HideSolutionNode = FALSE
	EndGlobalSection
	GlobalSection(ExtensibilityGlobals) = postSolution
		SolutionGuid = {A6C9752C-6525-4510-9ACF-2F56B21C5FD6}
	EndGlobalSection
EndGlobal
